
Microsoft Visual Studio Solution File, Format Version 12.00
# Visual Studio Version 17
VisualStudioVersion = 17.14.36202.13 d17.14
MinimumVisualStudioVersion = 10.0.40219.1
Project("{FAE04EC0-301F-11D3-BF4B-00C04F79EFBC}") = "SACDA喷涂项目", "SACDA喷涂项目\SACDA喷涂项目.csproj", "{C30B46E6-8E59-47D6-89F3-A9EDB4F90DE7}"
EndProject
Project("{FAE04EC0-301F-11D3-BF4B-00C04F79EFBC}") = "SACDA.DAL", "SACDA.DAL\SACDA.DAL.csproj", "{5E97891C-C9D2-4AFF-957C-4E789BCF82B9}"
EndProject
Project("{FAE04EC0-301F-11D3-BF4B-00C04F79EFBC}") = "SACDA.BLL", "SACDA.BLL\SACDA.BLL.csproj", "{F4ABCB9A-4F18-473E-8DAC-1C3DFC34435A}"
EndProject
Project("{FAE04EC0-301F-11D3-BF4B-00C04F79EFBC}") = "SACDA.Model", "SACDA.Model\SACDA.Model.csproj", "{BD138612-0B79-4AB0-8A0A-CB3AA5DDEF7B}"
EndProject
Project("{FAE04EC0-301F-11D3-BF4B-00C04F79EFBC}") = "SACDA.Heaper", "SACDA.Heaper\SACDA.Heaper.csproj", "{B9C50C46-B140-4E7B-B3BA-CFE58BDB5B3E}"
EndProject
Global
	GlobalSection(SolutionConfigurationPlatforms) = preSolution
		Debug|Any CPU = Debug|Any CPU
		Release|Any CPU = Release|Any CPU
	EndGlobalSection
	GlobalSection(ProjectConfigurationPlatforms) = postSolution
		{C30B46E6-8E59-47D6-89F3-A9EDB4F90DE7}.Debug|Any CPU.ActiveCfg = Debug|Any CPU
		{C30B46E6-8E59-47D6-89F3-A9EDB4F90DE7}.Debug|Any CPU.Build.0 = Debug|Any CPU
		{C30B46E6-8E59-47D6-89F3-A9EDB4F90DE7}.Release|Any CPU.ActiveCfg = Release|Any CPU
		{C30B46E6-8E59-47D6-89F3-A9EDB4F90DE7}.Release|Any CPU.Build.0 = Release|Any CPU
		{5E97891C-C9D2-4AFF-957C-4E789BCF82B9}.Debug|Any CPU.ActiveCfg = Debug|Any CPU
		{5E97891C-C9D2-4AFF-957C-4E789BCF82B9}.Debug|Any CPU.Build.0 = Debug|Any CPU
		{5E97891C-C9D2-4AFF-957C-4E789BCF82B9}.Release|Any CPU.ActiveCfg = Release|Any CPU
		{5E97891C-C9D2-4AFF-957C-4E789BCF82B9}.Release|Any CPU.Build.0 = Release|Any CPU
		{F4ABCB9A-4F18-473E-8DAC-1C3DFC34435A}.Debug|Any CPU.ActiveCfg = Debug|Any CPU
		{F4ABCB9A-4F18-473E-8DAC-1C3DFC34435A}.Debug|Any CPU.Build.0 = Debug|Any CPU
		{F4ABCB9A-4F18-473E-8DAC-1C3DFC34435A}.Release|Any CPU.ActiveCfg = Release|Any CPU
		{F4ABCB9A-4F18-473E-8DAC-1C3DFC34435A}.Release|Any CPU.Build.0 = Release|Any CPU
		{BD138612-0B79-4AB0-8A0A-CB3AA5DDEF7B}.Debug|Any CPU.ActiveCfg = Debug|Any CPU
		{BD138612-0B79-4AB0-8A0A-CB3AA5DDEF7B}.Debug|Any CPU.Build.0 = Debug|Any CPU
		{BD138612-0B79-4AB0-8A0A-CB3AA5DDEF7B}.Release|Any CPU.ActiveCfg = Release|Any CPU
		{BD138612-0B79-4AB0-8A0A-CB3AA5DDEF7B}.Release|Any CPU.Build.0 = Release|Any CPU
		{B9C50C46-B140-4E7B-B3BA-CFE58BDB5B3E}.Debug|Any CPU.ActiveCfg = Debug|Any CPU
		{B9C50C46-B140-4E7B-B3BA-CFE58BDB5B3E}.Debug|Any CPU.Build.0 = Debug|Any CPU
		{B9C50C46-B140-4E7B-B3BA-CFE58BDB5B3E}.Release|Any CPU.ActiveCfg = Release|Any CPU
		{B9C50C46-B140-4E7B-B3BA-CFE58BDB5B3E}.Release|Any CPU.Build.0 = Release|Any CPU
	EndGlobalSection
	GlobalSection(SolutionProperties) = preSolution
		HideSolutionNode = FALSE
	EndGlobalSection
	GlobalSection(ExtensibilityGlobals) = postSolution
		SolutionGuid = {209E36A6-9065-4863-B0F8-9D9125996BE4}
	EndGlobalSection
EndGlobal
