
Microsoft Visual Studio Solution File, Format Version 12.00
# Visual Studio Version 17
VisualStudioVersion = 17.6.33723.286
MinimumVisualStudioVersion = 10.0.40219.1
Project("{FAE04EC0-301F-11D3-BF4B-00C04F79EFBC}") = "代码生成器", "代码生成器\代码生成器.csproj", "{32150487-120D-496B-95D5-7302BE6C022D}"
EndProject
Project("{FAE04EC0-301F-11D3-BF4B-00C04F79EFBC}") = "Sqlhelper", "Sqlhelper\Sqlhelper.csproj", "{C2E63919-6F56-48C9-AFBB-9327B818247F}"
EndProject
Project("{FAE04EC0-301F-11D3-BF4B-00C04F79EFBC}") = "InfosClass", "InfosClass\InfosClass.csproj", "{87AFCB71-22CA-4184-9B38-4B55BFDA000C}"
EndProject
Global
	GlobalSection(SolutionConfigurationPlatforms) = preSolution
		Debug|Any CPU = Debug|Any CPU
		Release|Any CPU = Release|Any CPU
	EndGlobalSection
	GlobalSection(ProjectConfigurationPlatforms) = postSolution
		{32150487-120D-496B-95D5-7302BE6C022D}.Debug|Any CPU.ActiveCfg = Debug|Any CPU
		{32150487-120D-496B-95D5-7302BE6C022D}.Debug|Any CPU.Build.0 = Debug|Any CPU
		{32150487-120D-496B-95D5-7302BE6C022D}.Release|Any CPU.ActiveCfg = Release|Any CPU
		{32150487-120D-496B-95D5-7302BE6C022D}.Release|Any CPU.Build.0 = Release|Any CPU
		{C2E63919-6F56-48C9-AFBB-9327B818247F}.Debug|Any CPU.ActiveCfg = Debug|Any CPU
		{C2E63919-6F56-48C9-AFBB-9327B818247F}.Debug|Any CPU.Build.0 = Debug|Any CPU
		{C2E63919-6F56-48C9-AFBB-9327B818247F}.Release|Any CPU.ActiveCfg = Release|Any CPU
		{C2E63919-6F56-48C9-AFBB-9327B818247F}.Release|Any CPU.Build.0 = Release|Any CPU
		{87AFCB71-22CA-4184-9B38-4B55BFDA000C}.Debug|Any CPU.ActiveCfg = Debug|Any CPU
		{87AFCB71-22CA-4184-9B38-4B55BFDA000C}.Debug|Any CPU.Build.0 = Debug|Any CPU
		{87AFCB71-22CA-4184-9B38-4B55BFDA000C}.Release|Any CPU.ActiveCfg = Release|Any CPU
		{87AFCB71-22CA-4184-9B38-4B55BFDA000C}.Release|Any CPU.Build.0 = Release|Any CPU
	EndGlobalSection
	GlobalSection(SolutionProperties) = preSolution
		HideSolutionNode = FALSE
	EndGlobalSection
	GlobalSection(ExtensibilityGlobals) = postSolution
		SolutionGuid = {1528ABED-3CEF-4E4C-8B5B-48E0607575AD}
	EndGlobalSection
EndGlobal
